// !$*UTF8*$!
{
	archiveVersion = 1;
	classes = {
	};
	objectVersion = 55;
	objects = {

/* Begin PBXBuildFile section */
		6539E806271710D3006D84A8 /* ContentViewModel.swift in Sources */ = {isa = PBXBuildFile; fileRef = 6539E805271710D3006D84A8 /* ContentViewModel.swift */; };
		6539E80B27172CF9006D84A8 /* SideList.swift in Sources */ = {isa = PBXBuildFile; fileRef = 6539E80A27172CF9006D84A8 /* SideList.swift */; };
		6539E80D27172ED2006D84A8 /* SideMenu.swift in Sources */ = {isa = PBXBuildFile; fileRef = 6539E80C27172ED2006D84A8 /* SideMenu.swift */; };
		659B16692716FF17003F0638 /* WorkMapApp.swift in Sources */ = {isa = PBXBuildFile; fileRef = 659B16682716FF17003F0638 /* WorkMapApp.swift */; };
		659B166B2716FF17003F0638 /* ContentView.swift in Sources */ = {isa = PBXBuildFile; fileRef = 659B166A2716FF17003F0638 /* ContentView.swift */; };
		659B166D2716FF1D003F0638 /* Assets.xcassets in Resources */ = {isa = PBXBuildFile; fileRef = 659B166C2716FF1D003F0638 /* Assets.xcassets */; };
		659B16702716FF1D003F0638 /* Preview Assets.xcassets in Resources */ = {isa = PBXBuildFile; fileRef = 659B166F2716FF1D003F0638 /* Preview Assets.xcassets */; };
		659B167B271707B7003F0638 /* Locations.swift in Sources */ = {isa = PBXBuildFile; fileRef = 659B167A271707B7003F0638 /* Locations.swift */; };
/* End PBXBuildFile section */

/* Begin PBXFileReference section */
		6539E805271710D3006D84A8 /* ContentViewModel.swift */ = {isa = PBXFileReference; lastKnownFileType = sourcecode.swift; path = ContentViewModel.swift; sourceTree = "<group>"; };
		6539E80A27172CF9006D84A8 /* SideList.swift */ = {isa = PBXFileReference; lastKnownFileType = sourcecode.swift; path = SideList.swift; sourceTree = "<group>"; };
		6539E80C27172ED2006D84A8 /* SideMenu.swift */ = {isa = PBXFileReference; lastKnownFileType = sourcecode.swift; path = SideMenu.swift; sourceTree = "<group>"; };
		659B16652716FF16003F0638 /* WorkMap.app */ = {isa = PBXFileReference; explicitFileType = wrapper.application; includeInIndex = 0; path = WorkMap.app; sourceTree = BUILT_PRODUCTS_DIR; };
		659B16682716FF17003F0638 /* WorkMapApp.swift */ = {isa = PBXFileReference; lastKnownFileType = sourcecode.swift; path = WorkMapApp.swift; sourceTree = "<group>"; };
		659B166A2716FF17003F0638 /* ContentView.swift */ = {isa = PBXFileReference; lastKnownFileType = sourcecode.swift; path = ContentView.swift; sourceTree = "<group>"; };
		659B166C2716FF1D003F0638 /* Assets.xcassets */ = {isa = PBXFileReference; lastKnownFileType = folder.assetcatalog; path = Assets.xcassets; sourceTree = "<group>"; };
		659B166F2716FF1D003F0638 /* Preview Assets.xcassets */ = {isa = PBXFileReference; lastKnownFileType = folder.assetcatalog; path = "Preview Assets.xcassets"; sourceTree = "<group>"; };
		659B167A271707B7003F0638 /* Locations.swift */ = {isa = PBXFileReference; lastKnownFileType = sourcecode.swift; path = Locations.swift; sourceTree = "<group>"; };
/* End PBXFileReference section */

/* Begin PBXFrameworksBuildPhase section */
		659B16622716FF16003F0638 /* Frameworks */ = {
			isa = PBXFrameworksBuildPhase;
			buildActionMask = 2147483647;
			files = (
			);
			runOnlyForDeploymentPostprocessing = 0;
		};
/* End PBXFrameworksBuildPhase section */

/* Begin PBXGroup section */
		6539E804271710B8006D84A8 /* ViewModel */ = {
			isa = PBXGroup;
			children = (
				6539E805271710D3006D84A8 /* ContentViewModel.swift */,
			);
			path = ViewModel;
			sourceTree = "<group>";
		};
		6539E807271727E1006D84A8 /* Components */ = {
			isa = PBXGroup;
			children = (
				6539E80A27172CF9006D84A8 /* SideList.swift */,
			);
			path = Components;
			sourceTree = "<group>";
		};
		659B165C2716FF16003F0638 = {
			isa = PBXGroup;
			children = (
				659B16672716FF16003F0638 /* WorkMap */,
				659B16662716FF16003F0638 /* Products */,
			);
			sourceTree = "<group>";
		};
		659B16662716FF16003F0638 /* Products */ = {
			isa = PBXGroup;
			children = (
				659B16652716FF16003F0638 /* WorkMap.app */,
			);
			name = Products;
			sourceTree = "<group>";
		};
		659B16672716FF16003F0638 /* WorkMap */ = {
			isa = PBXGroup;
			children = (
				6539E807271727E1006D84A8 /* Components */,
				659B16682716FF17003F0638 /* WorkMapApp.swift */,
				6539E804271710B8006D84A8 /* ViewModel */,
				659B1679271707A4003F0638 /* Model */,
				659B1678271704DC003F0638 /* Views */,
				659B166C2716FF1D003F0638 /* Assets.xcassets */,
				659B166E2716FF1D003F0638 /* Preview Content */,
			);
			path = WorkMap;
			sourceTree = "<group>";
		};
		659B166E2716FF1D003F0638 /* Preview Content */ = {
			isa = PBXGroup;
			children = (
				659B166F2716FF1D003F0638 /* Preview Assets.xcassets */,
			);
			path = "Preview Content";
			sourceTree = "<group>";
		};
		659B1678271704DC003F0638 /* Views */ = {
			isa = PBXGroup;
			children = (
				659B166A2716FF17003F0638 /* ContentView.swift */,
				6539E80C27172ED2006D84A8 /* SideMenu.swift */,
			);
			path = Views;
			sourceTree = "<group>";
		};
		659B1679271707A4003F0638 /* Model */ = {
			isa = PBXGroup;
			children = (
				659B167A271707B7003F0638 /* Locations.swift */,
			);
			path = Model;
			sourceTree = "<group>";
		};
/* End PBXGroup section */

/* Begin PBXNativeTarget section */
		659B16642716FF16003F0638 /* WorkMap */ = {
			isa = PBXNativeTarget;
			buildConfigurationList = 659B16732716FF1D003F0638 /* Build configuration list for PBXNativeTarget "WorkMap" */;
			buildPhases = (
				659B16612716FF16003F0638 /* Sources */,
				659B16622716FF16003F0638 /* Frameworks */,
				659B16632716FF16003F0638 /* Resources */,
			);
			buildRules = (
			);
			dependencies = (
			);
			name = WorkMap;
			productName = WorkMap;
			productReference = 659B16652716FF16003F0638 /* WorkMap.app */;
			productType = "com.apple.product-type.application";
		};
/* End PBXNativeTarget section */

/* Begin PBXProject section */
		659B165D2716FF16003F0638 /* Project object */ = {
			isa = PBXProject;
			attributes = {
				BuildIndependentTargetsInParallel = 1;
				LastSwiftUpdateCheck = 1300;
				LastUpgradeCheck = 1300;
				TargetAttributes = {
					659B16642716FF16003F0638 = {
						CreatedOnToolsVersion = 13.0;
					};
				};
			};
			buildConfigurationList = 659B16602716FF16003F0638 /* Build configuration list for PBXProject "WorkMap" */;
			compatibilityVersion = "Xcode 13.0";
			developmentRegion = en;
			hasScannedForEncodings = 0;
			knownRegions = (
				en,
				Base,
			);
			mainGroup = 659B165C2716FF16003F0638;
			productRefGroup = 659B16662716FF16003F0638 /* Products */;
			projectDirPath = "";
			projectRoot = "";
			targets = (
				659B16642716FF16003F0638 /* WorkMap */,
			);
		};
/* End PBXProject section */

/* Begin PBXResourcesBuildPhase section */
		659B16632716FF16003F0638 /* Resources */ = {
			isa = PBXResourcesBuildPhase;
			buildActionMask = 2147483647;
			files = (
				659B16702716FF1D003F0638 /* Preview Assets.xcassets in Resources */,
				659B166D2716FF1D003F0638 /* Assets.xcassets in Resources */,
			);
			runOnlyForDeploymentPostprocessing = 0;
		};
/* End PBXResourcesBuildPhase section */

/* Begin PBXSourcesBuildPhase section */
		659B16612716FF16003F0638 /* Sources */ = {
			isa = PBXSourcesBuildPhase;
			buildActionMask = 2147483647;
			files = (
				6539E80B27172CF9006D84A8 /* SideList.swift in Sources */,
				659B166B2716FF17003F0638 /* ContentView.swift in Sources */,
				659B167B271707B7003F0638 /* Locations.swift in Sources */,
				6539E80D27172ED2006D84A8 /* SideMenu.swift in Sources */,
				659B16692716FF17003F0638 /* WorkMapApp.swift in Sources */,
				6539E806271710D3006D84A8 /* ContentViewModel.swift in Sources */,
			);
			runOnlyForDeploymentPostprocessing = 0;
		};
/* End PBXSourcesBuildPhase section */

/* Begin XCBuildConfiguration section */
		659B16712716FF1D003F0638 /* Debug */ = {
			isa = XCBuildConfiguration;
			buildSettings = {
				ALWAYS_SEARCH_USER_PATHS = NO;
				CLANG_ANALYZER_NONNULL = YES;
				CLANG_ANALYZER_NUMBER_OBJECT_CONVERSION = YES_AGGRESSIVE;
				CLANG_CXX_LANGUAGE_STANDARD = "gnu++17";
				CLANG_CXX_LIBRARY = "libc++";
				CLANG_ENABLE_MODULES = YES;
				CLANG_ENABLE_OBJC_ARC = YES;
				CLANG_ENABLE_OBJC_WEAK = YES;
				CLANG_WARN_BLOCK_CAPTURE_AUTORELEASING = YES;
				CLANG_WARN_BOOL_CONVERSION = YES;
				CLANG_WARN_COMMA = YES;
				CLANG_WARN_CONSTANT_CONVERSION = YES;
				CLANG_WARN_DEPRECATED_OBJC_IMPLEMENTATIONS = YES;
				CLANG_WARN_DIRECT_OBJC_ISA_USAGE = YES_ERROR;
				CLANG_WARN_DOCUMENTATION_COMMENTS = YES;
				CLANG_WARN_EMPTY_BODY = YES;
				CLANG_WARN_ENUM_CONVERSION = YES;
				CLANG_WARN_INFINITE_RECURSION = YES;
				CLANG_WARN_INT_CONVERSION = YES;
				CLANG_WARN_NON_LITERAL_NULL_CONVERSION = YES;
				CLANG_WARN_OBJC_IMPLICIT_RETAIN_SELF = YES;
				CLANG_WARN_OBJC_LITERAL_CONVERSION = YES;
				CLANG_WARN_OBJC_ROOT_CLASS = YES_ERROR;
				CLANG_WARN_QUOTED_INCLUDE_IN_FRAMEWORK_HEADER = YES;
				CLANG_WARN_RANGE_LOOP_ANALYSIS = YES;
				CLANG_WARN_STRICT_PROTOTYPES = YES;
				CLANG_WARN_SUSPICIOUS_MOVE = YES;
				CLANG_WARN_UNGUARDED_AVAILABILITY = YES_AGGRESSIVE;
				CLANG_WARN_UNREACHABLE_CODE = YES;
				CLANG_WARN__DUPLICATE_METHOD_MATCH = YES;
				COPY_PHASE_STRIP = NO;
				DEBUG_INFORMATION_FORMAT = dwarf;
				ENABLE_STRICT_OBJC_MSGSEND = YES;
				ENABLE_TESTABILITY = YES;
				GCC_C_LANGUAGE_STANDARD = gnu11;
				GCC_DYNAMIC_NO_PIC = NO;
				GCC_NO_COMMON_BLOCKS = YES;
				GCC_OPTIMIZATION_LEVEL = 0;
				GCC_PREPROCESSOR_DEFINITIONS = (
					"DEBUG=1",
					"$(inherited)",
				);
				GCC_WARN_64_TO_32_BIT_CONVERSION = YES;
				GCC_WARN_ABOUT_RETURN_TYPE = YES_ERROR;
				GCC_WARN_UNDECLARED_SELECTOR = YES;
				GCC_WARN_UNINITIALIZED_AUTOS = YES_AGGRESSIVE;
				GCC_WARN_UNUSED_FUNCTION = YES;
				GCC_WARN_UNUSED_VARIABLE = YES;
				IPHONEOS_DEPLOYMENT_TARGET = 15.0;
				MTL_ENABLE_DEBUG_INFO = INCLUDE_SOURCE;
				MTL_FAST_MATH = YES;
				ONLY_ACTIVE_ARCH = YES;
				SDKROOT = iphoneos;
				SWIFT_ACTIVE_COMPILATION_CONDITIONS = DEBUG;
				SWIFT_OPTIMIZATION_LEVEL = "-Onone";
			};
			name = Debug;
		};
		659B16722716FF1D003F0638 /* Release */ = {
			isa = XCBuildConfiguration;
			buildSettings = {
				ALWAYS_SEARCH_USER_PATHS = NO;
				CLANG_ANALYZER_NONNULL = YES;
				CLANG_ANALYZER_NUMBER_OBJECT_CONVERSION = YES_AGGRESSIVE;
				CLANG_CXX_LANGUAGE_STANDARD = "gnu++17";
				CLANG_CXX_LIBRARY = "libc++";
				CLANG_ENABLE_MODULES = YES;
				CLANG_ENABLE_OBJC_ARC = YES;
				CLANG_ENABLE_OBJC_WEAK = YES;
				CLANG_WARN_BLOCK_CAPTURE_AUTORELEASING = YES;
				CLANG_WARN_BOOL_CONVERSION = YES;
				CLANG_WARN_COMMA = YES;
				CLANG_WARN_CONSTANT_CONVERSION = YES;
				CLANG_WARN_DEPRECATED_OBJC_IMPLEMENTATIONS = YES;
				CLANG_WARN_DIRECT_OBJC_ISA_USAGE = YES_ERROR;
				CLANG_WARN_DOCUMENTATION_COMMENTS = YES;
				CLANG_WARN_EMPTY_BODY = YES;
				CLANG_WARN_ENUM_CONVERSION = YES;
				CLANG_WARN_INFINITE_RECURSION = YES;
				CLANG_WARN_INT_CONVERSION = YES;
				CLANG_WARN_NON_LITERAL_NULL_CONVERSION = YES;
				CLANG_WARN_OBJC_IMPLICIT_RETAIN_SELF = YES;
				CLANG_WARN_OBJC_LITERAL_CONVERSION = YES;
				CLANG_WARN_OBJC_ROOT_CLASS = YES_ERROR;
				CLANG_WARN_QUOTED_INCLUDE_IN_FRAMEWORK_HEADER = YES;
				CLANG_WARN_RANGE_LOOP_ANALYSIS = YES;
				CLANG_WARN_STRICT_PROTOTYPES = YES;
				CLANG_WARN_SUSPICIOUS_MOVE = YES;
				CLANG_WARN_UNGUARDED_AVAILABILITY = YES_AGGRESSIVE;
				CLANG_WARN_UNREACHABLE_CODE = YES;
				CLANG_WARN__DUPLICATE_METHOD_MATCH = YES;
				COPY_PHASE_STRIP = NO;
				DEBUG_INFORMATION_FORMAT = "dwarf-with-dsym";
				ENABLE_NS_ASSERTIONS = NO;
				ENABLE_STRICT_OBJC_MSGSEND = YES;
				GCC_C_LANGUAGE_STANDARD = gnu11;
				GCC_NO_COMMON_BLOCKS = YES;
				GCC_WARN_64_TO_32_BIT_CONVERSION = YES;
				GCC_WARN_ABOUT_RETURN_TYPE = YES_ERROR;
				GCC_WARN_UNDECLARED_SELECTOR = YES;
				GCC_WARN_UNINITIALIZED_AUTOS = YES_AGGRESSIVE;
				GCC_WARN_UNUSED_FUNCTION = YES;
				GCC_WARN_UNUSED_VARIABLE = YES;
				IPHONEOS_DEPLOYMENT_TARGET = 15.0;
				MTL_ENABLE_DEBUG_INFO = NO;
				MTL_FAST_MATH = YES;
				SDKROOT = iphoneos;
				SWIFT_COMPILATION_MODE = wholemodule;
				SWIFT_OPTIMIZATION_LEVEL = "-O";
				VALIDATE_PRODUCT = YES;
			};
			name = Release;
		};
		659B16742716FF1D003F0638 /* Debug */ = {
			isa = XCBuildConfiguration;
			buildSettings = {
				ASSETCATALOG_COMPILER_APPICON_NAME = AppIcon;
				ASSETCATALOG_COMPILER_GLOBAL_ACCENT_COLOR_NAME = AccentColor;
				CODE_SIGN_STYLE = Automatic;
				CURRENT_PROJECT_VERSION = 1;
				DEVELOPMENT_ASSET_PATHS = "\"WorkMap/Preview Content\"";
				DEVELOPMENT_TEAM = 7R738Q22NX;
				ENABLE_PREVIEWS = YES;
				GENERATE_INFOPLIST_FILE = YES;
				INFOPLIST_KEY_NSLocationWhenInUseUsageDescription = "This app needs your location to show it on the map.";
				INFOPLIST_KEY_UIApplicationSceneManifest_Generation = YES;
				INFOPLIST_KEY_UIApplicationSupportsIndirectInputEvents = YES;
				INFOPLIST_KEY_UILaunchScreen_Generation = YES;
				INFOPLIST_KEY_UISupportedInterfaceOrientations_iPad = "UIInterfaceOrientationPortrait UIInterfaceOrientationPortraitUpsideDown UIInterfaceOrientationLandscapeLeft UIInterfaceOrientationLandscapeRight";
				INFOPLIST_KEY_UISupportedInterfaceOrientations_iPhone = "UIInterfaceOrientationPortrait UIInterfaceOrientationLandscapeLeft UIInterfaceOrientationLandscapeRight";
				IPHONEOS_DEPLOYMENT_TARGET = 14.0;
				LD_RUNPATH_SEARCH_PATHS = (
					"$(inherited)",
					"@executable_path/Frameworks",
				);
				MARKETING_VERSION = 1.0;
				PRODUCT_BUNDLE_IDENTIFIER = com.degermon.WorkMap;
				PRODUCT_NAME = "$(TARGET_NAME)";
				SWIFT_EMIT_LOC_STRINGS = YES;
				SWIFT_VERSION = 5.0;
				TARGETED_DEVICE_FAMILY = "1,2";
			};
			name = Debug;
		};
		659B16752716FF1D003F0638 /* Release */ = {
			isa = XCBuildConfiguration;
			buildSettings = {
				ASSETCATALOG_COMPILER_APPICON_NAME = AppIcon;
				ASSETCATALOG_COMPILER_GLOBAL_ACCENT_COLOR_NAME = AccentColor;
				CODE_SIGN_STYLE = Automatic;
				CURRENT_PROJECT_VERSION = 1;
				DEVELOPMENT_ASSET_PATHS = "\"WorkMap/Preview Content\"";
				DEVELOPMENT_TEAM = 7R738Q22NX;
				ENABLE_PREVIEWS = YES;
				GENERATE_INFOPLIST_FILE = YES;
				INFOPLIST_KEY_NSLocationWhenInUseUsageDescription = "This app needs your location to show it on the map.";
				INFOPLIST_KEY_UIApplicationSceneManifest_Generation = YES;
				INFOPLIST_KEY_UIApplicationSupportsIndirectInputEvents = YES;
				INFOPLIST_KEY_UILaunchScreen_Generation = YES;
				INFOPLIST_KEY_UISupportedInterfaceOrientations_iPad = "UIInterfaceOrientationPortrait UIInterfaceOrientationPortraitUpsideDown UIInterfaceOrientationLandscapeLeft UIInterfaceOrientationLandscapeRight";
				INFOPLIST_KEY_UISupportedInterfaceOrientations_iPhone = "UIInterfaceOrientationPortrait UIInterfaceOrientationLandscapeLeft UIInterfaceOrientationLandscapeRight";
				IPHONEOS_DEPLOYMENT_TARGET = 14.0;
				LD_RUNPATH_SEARCH_PATHS = (
					"$(inherited)",
					"@executable_path/Frameworks",
				);
				MARKETING_VERSION = 1.0;
				PRODUCT_BUNDLE_IDENTIFIER = com.degermon.WorkMap;
				PRODUCT_NAME = "$(TARGET_NAME)";
				SWIFT_EMIT_LOC_STRINGS = YES;
				SWIFT_VERSION = 5.0;
				TARGETED_DEVICE_FAMILY = "1,2";
			};
			name = Release;
		};
/* End XCBuildConfiguration section */

/* Begin XCConfigurationList section */
		659B16602716FF16003F0638 /* Build configuration list for PBXProject "WorkMap" */ = {
			isa = XCConfigurationList;
			buildConfigurations = (
				659B16712716FF1D003F0638 /* Debug */,
				659B16722716FF1D003F0638 /* Release */,
			);
			defaultConfigurationIsVisible = 0;
			defaultConfigurationName = Release;
		};
		659B16732716FF1D003F0638 /* Build configuration list for PBXNativeTarget "WorkMap" */ = {
			isa = XCConfigurationList;
			buildConfigurations = (
				659B16742716FF1D003F0638 /* Debug */,
				659B16752716FF1D003F0638 /* Release */,
			);
			defaultConfigurationIsVisible = 0;
			defaultConfigurationName = Release;
		};
/* End XCConfigurationList section */
	};
	rootObject = 659B165D2716FF16003F0638 /* Project object */;
}
